
Microsoft Visual Studio Solution File, Format Version 12.00
# Visual Studio Version 17
VisualStudioVersion = 17.1.32421.90
MinimumVisualStudioVersion = 10.0.40219.1
Project("{FAE04EC0-301F-11D3-BF4B-00C04F79EFBC}") = "GMQ_Quotes", "GMQ_Quotes.csproj", "{8DB8B83C-345E-47B8-8244-87D3A98B04A0}"
EndProject
Global
	GlobalSection(SolutionConfigurationPlatforms) = preSolution
		Debug|Any CPU = Debug|Any CPU
		Release|Any CPU = Release|Any CPU
	EndGlobalSection
	GlobalSection(ProjectConfigurationPlatforms) = postSolution
		{8DB8B83C-345E-47B8-8244-87D3A98B04A0}.Debug|Any CPU.ActiveCfg = Debug|Any CPU
		{8DB8B83C-345E-47B8-8244-87D3A98B04A0}.Debug|Any CPU.Build.0 = Debug|Any CPU
		{8DB8B83C-345E-47B8-8244-87D3A98B04A0}.Release|Any CPU.ActiveCfg = Release|Any CPU
		{8DB8B83C-345E-47B8-8244-87D3A98B04A0}.Release|Any CPU.Build.0 = Release|Any CPU
	EndGlobalSection
	GlobalSection(SolutionProperties) = preSolution
		HideSolutionNode = FALSE
	EndGlobalSection
	GlobalSection(ExtensibilityGlobals) = postSolution
		SolutionGuid = {523036D8-883A-4EB4-8E9B-2C5CE184EA14}
	EndGlobalSection
EndGlobal
